{
    "version": "0.5",
    "requires": [
        "zlib/1.3.2#1cb806da49011867778ffb6ac7190fcb%1777558780.503",
        "protobuf/6.33.5#ca5ff466767b31a1b496ec60247e105c%1785159690.783",
        "abseil/20260107.1#883e95a7be2b767999f64669ac642e5d%1773137897.755"
    ],
    "build_requires": [
        "zlib/1.3.2#1cb806da49011867778ffb6ac7190fcb%1777558780.503",
        "protobuf/6.33.5#ca5ff466767b31a1b496ec60247e105c%1785159690.783",
        "cmake/4.4.0#a5dd5d73bd9fc56b0fc3163a04573dc8%1784051561.926",
        "abseil/20260107.1#883e95a7be2b767999f64669ac642e5d%1773137897.755"
    ],
    "python_requires": [],
    "config_requires": []
}
